
Microsoft Visual Studio Solution File, Format Version 12.00
# Visual Studio Version 17
VisualStudioVersion = 17.2.32630.192
MinimumVisualStudioVersion = 10.0.40219.1
Project("{9A19103F-16F7-4668-BE54-9A1E7A4F7556}") = "Core", "Core\Core.csproj", "{056DB3ED-0360-4303-8D99-36905E715CCF}"
EndProject
Project("{9A19103F-16F7-4668-BE54-9A1E7A4F7556}") = "PersonalPhotos", "PersonalPhotos\PersonalPhotos.csproj", "{CD491FB6-C3AC-4232-BD9A-0222BA37C887}"
EndProject
Project("{9A19103F-16F7-4668-BE54-9A1E7A4F7556}") = "PersonalPhotos.Test", "PersonalPhotos.Test\PersonalPhotos.Test.csproj", "{3DE6E2E4-703F-45AC-B90A-3465E80E806B}"
EndProject
Global
	GlobalSection(SolutionConfigurationPlatforms) = preSolution
		Debug|Any CPU = Debug|Any CPU
		Release|Any CPU = Release|Any CPU
	EndGlobalSection
	GlobalSection(ProjectConfigurationPlatforms) = postSolution
		{056DB3ED-0360-4303-8D99-36905E715CCF}.Debug|Any CPU.ActiveCfg = Debug|Any CPU
		{056DB3ED-0360-4303-8D99-36905E715CCF}.Debug|Any CPU.Build.0 = Debug|Any CPU
		{056DB3ED-0360-4303-8D99-36905E715CCF}.Release|Any CPU.ActiveCfg = Release|Any CPU
		{056DB3ED-0360-4303-8D99-36905E715CCF}.Release|Any CPU.Build.0 = Release|Any CPU
		{CD491FB6-C3AC-4232-BD9A-0222BA37C887}.Debug|Any CPU.ActiveCfg = Debug|Any CPU
		{CD491FB6-C3AC-4232-BD9A-0222BA37C887}.Debug|Any CPU.Build.0 = Debug|Any CPU
		{CD491FB6-C3AC-4232-BD9A-0222BA37C887}.Release|Any CPU.ActiveCfg = Release|Any CPU
		{CD491FB6-C3AC-4232-BD9A-0222BA37C887}.Release|Any CPU.Build.0 = Release|Any CPU
		{3DE6E2E4-703F-45AC-B90A-3465E80E806B}.Debug|Any CPU.ActiveCfg = Debug|Any CPU
		{3DE6E2E4-703F-45AC-B90A-3465E80E806B}.Debug|Any CPU.Build.0 = Debug|Any CPU
		{3DE6E2E4-703F-45AC-B90A-3465E80E806B}.Release|Any CPU.ActiveCfg = Release|Any CPU
		{3DE6E2E4-703F-45AC-B90A-3465E80E806B}.Release|Any CPU.Build.0 = Release|Any CPU
	EndGlobalSection
	GlobalSection(SolutionProperties) = preSolution
		HideSolutionNode = FALSE
	EndGlobalSection
	GlobalSection(ExtensibilityGlobals) = postSolution
		SolutionGuid = {68AE018C-7543-4F37-906E-271742B4B783}
	EndGlobalSection
EndGlobal
